
Microsoft Visual Studio Solution File, Format Version 12.00
# Visual Studio Version 16
VisualStudioVersion = 16.0.29505.145
MinimumVisualStudioVersion = 10.0.40219.1
Project("{9A19103F-16F7-4668-BE54-9A1E7A4F7556}") = "ContestServer", "ContestServer\ContestServer.csproj", "{A25BB9F8-00C4-4226-B395-BA70F9C3064B}"
EndProject
Project("{2150E333-8FDC-42A3-9474-1A3956D46DE8}") = "Solution Items", "Solution Items", "{E81230FA-28D0-4014-A893-FA66CB1CABA4}"
	ProjectSection(SolutionItems) = preProject
		.dockerignore = .dockerignore
		heroku.yml = heroku.yml
	EndProjectSection
EndProject
Project("{9A19103F-16F7-4668-BE54-9A1E7A4F7556}") = "Contest.Shared", "Contest.Shared\Contest.Shared.csproj", "{9B531A72-0AE8-4754-961F-4B61AC235955}"
EndProject
Project("{FAE04EC0-301F-11D3-BF4B-00C04F79EFBC}") = "Contest.Tests", "Contest.Tests\Contest.Tests.csproj", "{D72A6854-5E4C-44D6-A0EF-60065E4EC754}"
EndProject
Global
	GlobalSection(SolutionConfigurationPlatforms) = preSolution
		Debug|Any CPU = Debug|Any CPU
		Release|Any CPU = Release|Any CPU
	EndGlobalSection
	GlobalSection(ProjectConfigurationPlatforms) = postSolution
		{A25BB9F8-00C4-4226-B395-BA70F9C3064B}.Debug|Any CPU.ActiveCfg = Debug|Any CPU
		{A25BB9F8-00C4-4226-B395-BA70F9C3064B}.Debug|Any CPU.Build.0 = Debug|Any CPU
		{A25BB9F8-00C4-4226-B395-BA70F9C3064B}.Release|Any CPU.ActiveCfg = Release|Any CPU
		{A25BB9F8-00C4-4226-B395-BA70F9C3064B}.Release|Any CPU.Build.0 = Release|Any CPU
		{9B531A72-0AE8-4754-961F-4B61AC235955}.Debug|Any CPU.ActiveCfg = Debug|Any CPU
		{9B531A72-0AE8-4754-961F-4B61AC235955}.Debug|Any CPU.Build.0 = Debug|Any CPU
		{9B531A72-0AE8-4754-961F-4B61AC235955}.Release|Any CPU.ActiveCfg = Release|Any CPU
		{9B531A72-0AE8-4754-961F-4B61AC235955}.Release|Any CPU.Build.0 = Release|Any CPU
		{D72A6854-5E4C-44D6-A0EF-60065E4EC754}.Debug|Any CPU.ActiveCfg = Debug|Any CPU
		{D72A6854-5E4C-44D6-A0EF-60065E4EC754}.Debug|Any CPU.Build.0 = Debug|Any CPU
		{D72A6854-5E4C-44D6-A0EF-60065E4EC754}.Release|Any CPU.ActiveCfg = Release|Any CPU
		{D72A6854-5E4C-44D6-A0EF-60065E4EC754}.Release|Any CPU.Build.0 = Release|Any CPU
	EndGlobalSection
	GlobalSection(SolutionProperties) = preSolution
		HideSolutionNode = FALSE
	EndGlobalSection
	GlobalSection(ExtensibilityGlobals) = postSolution
		SolutionGuid = {4A1C8A04-41A7-4DE4-8E4C-EB28767442FD}
	EndGlobalSection
EndGlobal
